
Microsoft Visual Studio Solution File, Format Version 12.00
# Visual Studio Version 17
VisualStudioVersion = 17.8.34330.188
MinimumVisualStudioVersion = 10.0.40219.1
Project("{FAE04EC0-301F-11D3-BF4B-00C04F79EFBC}") = "BeloteEngine.Data", "src\BeloteEngine.Data\BeloteEngine.Data.csproj", "{24CF43A6-9F78-40CA-BE27-DB0EC00D7020}"
EndProject
Project("{FAE04EC0-301F-11D3-BF4B-00C04F79EFBC}") = "BeloteEngine.Api", "src\BeloteEngine.Api\BeloteEngine.Api.csproj", "{BA9767BF-B1C8-45A9-A35F-30DF893DC355}"
	ProjectSection(ProjectDependencies) = postProject
		{9E63B5D3-3CCF-45E1-9900-2CBDFFC9D8CF} = {9E63B5D3-3CCF-45E1-9900-2CBDFFC9D8CF}
	EndProjectSection
EndProject
Project("{FAE04EC0-301F-11D3-BF4B-00C04F79EFBC}") = "BeloteEngine.Services", "src\BeloteEngine.Services\BeloteEngine.Services.csproj", "{9E63B5D3-3CCF-45E1-9900-2CBDFFC9D8CF}"
	ProjectSection(ProjectDependencies) = postProject
		{24CF43A6-9F78-40CA-BE27-DB0EC00D7020} = {24CF43A6-9F78-40CA-BE27-DB0EC00D7020}
	EndProjectSection
EndProject
Global
	GlobalSection(SolutionConfigurationPlatforms) = preSolution
		Debug|Any CPU = Debug|Any CPU
		Release|Any CPU = Release|Any CPU
	EndGlobalSection
	GlobalSection(ProjectConfigurationPlatforms) = postSolution
		{24CF43A6-9F78-40CA-BE27-DB0EC00D7020}.Debug|Any CPU.ActiveCfg = Debug|Any CPU
		{24CF43A6-9F78-40CA-BE27-DB0EC00D7020}.Debug|Any CPU.Build.0 = Debug|Any CPU
		{24CF43A6-9F78-40CA-BE27-DB0EC00D7020}.Release|Any CPU.ActiveCfg = Release|Any CPU
		{24CF43A6-9F78-40CA-BE27-DB0EC00D7020}.Release|Any CPU.Build.0 = Release|Any CPU
		{BA9767BF-B1C8-45A9-A35F-30DF893DC355}.Debug|Any CPU.ActiveCfg = Debug|Any CPU
		{BA9767BF-B1C8-45A9-A35F-30DF893DC355}.Debug|Any CPU.Build.0 = Debug|Any CPU
		{BA9767BF-B1C8-45A9-A35F-30DF893DC355}.Release|Any CPU.ActiveCfg = Release|Any CPU
		{BA9767BF-B1C8-45A9-A35F-30DF893DC355}.Release|Any CPU.Build.0 = Release|Any CPU
		{9E63B5D3-3CCF-45E1-9900-2CBDFFC9D8CF}.Debug|Any CPU.ActiveCfg = Debug|Any CPU
		{9E63B5D3-3CCF-45E1-9900-2CBDFFC9D8CF}.Debug|Any CPU.Build.0 = Debug|Any CPU
		{9E63B5D3-3CCF-45E1-9900-2CBDFFC9D8CF}.Release|Any CPU.ActiveCfg = Release|Any CPU
		{9E63B5D3-3CCF-45E1-9900-2CBDFFC9D8CF}.Release|Any CPU.Build.0 = Release|Any CPU
	EndGlobalSection
	GlobalSection(SolutionProperties) = preSolution
		HideSolutionNode = FALSE
	EndGlobalSection
	GlobalSection(ExtensibilityGlobals) = postSolution
		SolutionGuid = {11D80398-0A2F-49D1-94C2-7A0B34F884B9}
	EndGlobalSection
EndGlobal
